
Microsoft Visual Studio Solution File, Format Version 12.00
# Visual Studio 14
VisualStudioVersion = 14.0.23107.0
MinimumVisualStudioVersion = 10.0.40219.1
Project("{2150E333-8FDC-42A3-9474-1A3956D46DE8}") = "Adapter", "Adapter", "{DAAB26EE-4E76-4139-8F09-8B07B743C8CB}"
EndProject
Project("{8BC9CEB8-8B4A-11D0-8D11-00A0C91BC942}") = "AdapterLib", "SensorHub\AdapterLib\AdapterLib.vcxproj", "{8D539C08-EA54-475F-B691-7BD8B8B67956}"
EndProject
Project("{8BC9CEB8-8B4A-11D0-8D11-00A0C91BC942}") = "HeadlessAdapterApp", "SensorHub\HeadlessAdapterApp\HeadlessAdapterApp.vcxproj", "{FF83E5D3-4F9D-47ED-82B6-B1FD087CDBCA}"
EndProject
Project("{2150E333-8FDC-42A3-9474-1A3956D46DE8}") = "Platform", "Platform", "{E6843F94-7181-44E9-953D-DAE96255A7BC}"
EndProject
Project("{8BC9CEB8-8B4A-11D0-8D11-00A0C91BC942}") = "BridgeRT", "SensorHub\BridgeRT\BridgeRT.vcxproj", "{2783A617-8E1D-40D1-9684-DFAEB8DD5406}"
EndProject
Project("{8BC9CEB8-8B4A-11D0-8D11-00A0C91BC942}") = "Common", "SensorHub\Common\Common.vcxproj", "{4D445253-3BBA-455D-B324-ECE00D4FE480}"
EndProject
Project("{2150E333-8FDC-42A3-9474-1A3956D46DE8}") = "AllJoynInterfaces", "AllJoynInterfaces", "{DDBA95A0-6162-4221-AC95-FEB5620D28A6}"
EndProject
Project("{8BC9CEB8-8B4A-11D0-8D11-00A0C91BC942}") = "com.mtcmoscow.SensorHub.Humidity", "SensorHub\com.mtcmoscow.SensorHub.Humidity\com.mtcmoscow.SensorHub.Humidity.vcxproj", "{BCB7C5B2-D2A5-4996-A540-DC3583C6581E}"
EndProject
Project("{8BC9CEB8-8B4A-11D0-8D11-00A0C91BC942}") = "com.mtcmoscow.SensorHub.Pressure", "SensorHub\com.mtcmoscow.SensorHub.Pressure\com.mtcmoscow.SensorHub.Pressure.vcxproj", "{8EB040CE-4CC9-4F7F-AB52-1AE010549FEF}"
EndProject
Project("{8BC9CEB8-8B4A-11D0-8D11-00A0C91BC942}") = "com.mtcmoscow.SensorHub.Temperature", "SensorHub\com.mtcmoscow.SensorHub.Temperature\com.mtcmoscow.SensorHub.Temperature.vcxproj", "{47C0F097-062D-499E-880F-968BFF41E5AE}"
EndProject
Project("{2150E333-8FDC-42A3-9474-1A3956D46DE8}") = "HeadedClient", "HeadedClient", "{3079A8B5-EDDD-48A8-ACF7-1FF387B262C4}"
EndProject
Project("{FAE04EC0-301F-11D3-BF4B-00C04F79EFBC}") = "SensorClient", "SensorHub\SensorClient\SensorClient.csproj", "{D8A9872F-32D5-4B89-BCA0-F99B9ECD9907}"
EndProject
Global
	GlobalSection(SolutionConfigurationPlatforms) = preSolution
		Debug|ARM = Debug|ARM
		Debug|x64 = Debug|x64
		Debug|x86 = Debug|x86
		Release|ARM = Release|ARM
		Release|x64 = Release|x64
		Release|x86 = Release|x86
	EndGlobalSection
	GlobalSection(ProjectConfigurationPlatforms) = postSolution
		{8D539C08-EA54-475F-B691-7BD8B8B67956}.Debug|ARM.ActiveCfg = Debug|ARM
		{8D539C08-EA54-475F-B691-7BD8B8B67956}.Debug|ARM.Build.0 = Debug|ARM
		{8D539C08-EA54-475F-B691-7BD8B8B67956}.Debug|x64.ActiveCfg = Debug|x64
		{8D539C08-EA54-475F-B691-7BD8B8B67956}.Debug|x64.Build.0 = Debug|x64
		{8D539C08-EA54-475F-B691-7BD8B8B67956}.Debug|x86.ActiveCfg = Debug|Win32
		{8D539C08-EA54-475F-B691-7BD8B8B67956}.Debug|x86.Build.0 = Debug|Win32
		{8D539C08-EA54-475F-B691-7BD8B8B67956}.Release|ARM.ActiveCfg = Release|ARM
		{8D539C08-EA54-475F-B691-7BD8B8B67956}.Release|ARM.Build.0 = Release|ARM
		{8D539C08-EA54-475F-B691-7BD8B8B67956}.Release|x64.ActiveCfg = Release|x64
		{8D539C08-EA54-475F-B691-7BD8B8B67956}.Release|x64.Build.0 = Release|x64
		{8D539C08-EA54-475F-B691-7BD8B8B67956}.Release|x86.ActiveCfg = Release|Win32
		{8D539C08-EA54-475F-B691-7BD8B8B67956}.Release|x86.Build.0 = Release|Win32
		{FF83E5D3-4F9D-47ED-82B6-B1FD087CDBCA}.Debug|ARM.ActiveCfg = Debug|ARM
		{FF83E5D3-4F9D-47ED-82B6-B1FD087CDBCA}.Debug|ARM.Build.0 = Debug|ARM
		{FF83E5D3-4F9D-47ED-82B6-B1FD087CDBCA}.Debug|ARM.Deploy.0 = Debug|ARM
		{FF83E5D3-4F9D-47ED-82B6-B1FD087CDBCA}.Debug|x64.ActiveCfg = Debug|x64
		{FF83E5D3-4F9D-47ED-82B6-B1FD087CDBCA}.Debug|x64.Build.0 = Debug|x64
		{FF83E5D3-4F9D-47ED-82B6-B1FD087CDBCA}.Debug|x64.Deploy.0 = Debug|x64
		{FF83E5D3-4F9D-47ED-82B6-B1FD087CDBCA}.Debug|x86.ActiveCfg = Debug|Win32
		{FF83E5D3-4F9D-47ED-82B6-B1FD087CDBCA}.Debug|x86.Build.0 = Debug|Win32
		{FF83E5D3-4F9D-47ED-82B6-B1FD087CDBCA}.Debug|x86.Deploy.0 = Debug|Win32
		{FF83E5D3-4F9D-47ED-82B6-B1FD087CDBCA}.Release|ARM.ActiveCfg = Release|ARM
		{FF83E5D3-4F9D-47ED-82B6-B1FD087CDBCA}.Release|ARM.Build.0 = Release|ARM
		{FF83E5D3-4F9D-47ED-82B6-B1FD087CDBCA}.Release|ARM.Deploy.0 = Release|ARM
		{FF83E5D3-4F9D-47ED-82B6-B1FD087CDBCA}.Release|x64.ActiveCfg = Release|x64
		{FF83E5D3-4F9D-47ED-82B6-B1FD087CDBCA}.Release|x64.Build.0 = Release|x64
		{FF83E5D3-4F9D-47ED-82B6-B1FD087CDBCA}.Release|x64.Deploy.0 = Release|x64
		{FF83E5D3-4F9D-47ED-82B6-B1FD087CDBCA}.Release|x86.ActiveCfg = Release|Win32
		{FF83E5D3-4F9D-47ED-82B6-B1FD087CDBCA}.Release|x86.Build.0 = Release|Win32
		{FF83E5D3-4F9D-47ED-82B6-B1FD087CDBCA}.Release|x86.Deploy.0 = Release|Win32
		{2783A617-8E1D-40D1-9684-DFAEB8DD5406}.Debug|ARM.ActiveCfg = Debug|ARM
		{2783A617-8E1D-40D1-9684-DFAEB8DD5406}.Debug|ARM.Build.0 = Debug|ARM
		{2783A617-8E1D-40D1-9684-DFAEB8DD5406}.Debug|x64.ActiveCfg = Debug|x64
		{2783A617-8E1D-40D1-9684-DFAEB8DD5406}.Debug|x64.Build.0 = Debug|x64
		{2783A617-8E1D-40D1-9684-DFAEB8DD5406}.Debug|x86.ActiveCfg = Debug|Win32
		{2783A617-8E1D-40D1-9684-DFAEB8DD5406}.Debug|x86.Build.0 = Debug|Win32
		{2783A617-8E1D-40D1-9684-DFAEB8DD5406}.Release|ARM.ActiveCfg = Release|ARM
		{2783A617-8E1D-40D1-9684-DFAEB8DD5406}.Release|ARM.Build.0 = Release|ARM
		{2783A617-8E1D-40D1-9684-DFAEB8DD5406}.Release|x64.ActiveCfg = Release|x64
		{2783A617-8E1D-40D1-9684-DFAEB8DD5406}.Release|x64.Build.0 = Release|x64
		{2783A617-8E1D-40D1-9684-DFAEB8DD5406}.Release|x86.ActiveCfg = Release|Win32
		{2783A617-8E1D-40D1-9684-DFAEB8DD5406}.Release|x86.Build.0 = Release|Win32
		{4D445253-3BBA-455D-B324-ECE00D4FE480}.Debug|ARM.ActiveCfg = Debug|ARM
		{4D445253-3BBA-455D-B324-ECE00D4FE480}.Debug|ARM.Build.0 = Debug|ARM
		{4D445253-3BBA-455D-B324-ECE00D4FE480}.Debug|x64.ActiveCfg = Debug|x64
		{4D445253-3BBA-455D-B324-ECE00D4FE480}.Debug|x64.Build.0 = Debug|x64
		{4D445253-3BBA-455D-B324-ECE00D4FE480}.Debug|x86.ActiveCfg = Debug|Win32
		{4D445253-3BBA-455D-B324-ECE00D4FE480}.Debug|x86.Build.0 = Debug|Win32
		{4D445253-3BBA-455D-B324-ECE00D4FE480}.Release|ARM.ActiveCfg = Release|ARM
		{4D445253-3BBA-455D-B324-ECE00D4FE480}.Release|ARM.Build.0 = Release|ARM
		{4D445253-3BBA-455D-B324-ECE00D4FE480}.Release|x64.ActiveCfg = Release|x64
		{4D445253-3BBA-455D-B324-ECE00D4FE480}.Release|x64.Build.0 = Release|x64
		{4D445253-3BBA-455D-B324-ECE00D4FE480}.Release|x86.ActiveCfg = Release|Win32
		{4D445253-3BBA-455D-B324-ECE00D4FE480}.Release|x86.Build.0 = Release|Win32
		{BCB7C5B2-D2A5-4996-A540-DC3583C6581E}.Debug|ARM.ActiveCfg = Debug|ARM
		{BCB7C5B2-D2A5-4996-A540-DC3583C6581E}.Debug|ARM.Build.0 = Debug|ARM
		{BCB7C5B2-D2A5-4996-A540-DC3583C6581E}.Debug|x64.ActiveCfg = Debug|x64
		{BCB7C5B2-D2A5-4996-A540-DC3583C6581E}.Debug|x64.Build.0 = Debug|x64
		{BCB7C5B2-D2A5-4996-A540-DC3583C6581E}.Debug|x86.ActiveCfg = Debug|Win32
		{BCB7C5B2-D2A5-4996-A540-DC3583C6581E}.Debug|x86.Build.0 = Debug|Win32
		{BCB7C5B2-D2A5-4996-A540-DC3583C6581E}.Release|ARM.ActiveCfg = Release|ARM
		{BCB7C5B2-D2A5-4996-A540-DC3583C6581E}.Release|ARM.Build.0 = Release|ARM
		{BCB7C5B2-D2A5-4996-A540-DC3583C6581E}.Release|x64.ActiveCfg = Release|x64
		{BCB7C5B2-D2A5-4996-A540-DC3583C6581E}.Release|x64.Build.0 = Release|x64
		{BCB7C5B2-D2A5-4996-A540-DC3583C6581E}.Release|x86.ActiveCfg = Release|Win32
		{BCB7C5B2-D2A5-4996-A540-DC3583C6581E}.Release|x86.Build.0 = Release|Win32
		{8EB040CE-4CC9-4F7F-AB52-1AE010549FEF}.Debug|ARM.ActiveCfg = Debug|ARM
		{8EB040CE-4CC9-4F7F-AB52-1AE010549FEF}.Debug|ARM.Build.0 = Debug|ARM
		{8EB040CE-4CC9-4F7F-AB52-1AE010549FEF}.Debug|x64.ActiveCfg = Debug|x64
		{8EB040CE-4CC9-4F7F-AB52-1AE010549FEF}.Debug|x64.Build.0 = Debug|x64
		{8EB040CE-4CC9-4F7F-AB52-1AE010549FEF}.Debug|x86.ActiveCfg = Debug|Win32
		{8EB040CE-4CC9-4F7F-AB52-1AE010549FEF}.Debug|x86.Build.0 = Debug|Win32
		{8EB040CE-4CC9-4F7F-AB52-1AE010549FEF}.Release|ARM.ActiveCfg = Release|ARM
		{8EB040CE-4CC9-4F7F-AB52-1AE010549FEF}.Release|ARM.Build.0 = Release|ARM
		{8EB040CE-4CC9-4F7F-AB52-1AE010549FEF}.Release|x64.ActiveCfg = Release|x64
		{8EB040CE-4CC9-4F7F-AB52-1AE010549FEF}.Release|x64.Build.0 = Release|x64
		{8EB040CE-4CC9-4F7F-AB52-1AE010549FEF}.Release|x86.ActiveCfg = Release|Win32
		{8EB040CE-4CC9-4F7F-AB52-1AE010549FEF}.Release|x86.Build.0 = Release|Win32
		{47C0F097-062D-499E-880F-968BFF41E5AE}.Debug|ARM.ActiveCfg = Debug|ARM
		{47C0F097-062D-499E-880F-968BFF41E5AE}.Debug|ARM.Build.0 = Debug|ARM
		{47C0F097-062D-499E-880F-968BFF41E5AE}.Debug|x64.ActiveCfg = Debug|x64
		{47C0F097-062D-499E-880F-968BFF41E5AE}.Debug|x64.Build.0 = Debug|x64
		{47C0F097-062D-499E-880F-968BFF41E5AE}.Debug|x86.ActiveCfg = Debug|Win32
		{47C0F097-062D-499E-880F-968BFF41E5AE}.Debug|x86.Build.0 = Debug|Win32
		{47C0F097-062D-499E-880F-968BFF41E5AE}.Release|ARM.ActiveCfg = Release|ARM
		{47C0F097-062D-499E-880F-968BFF41E5AE}.Release|ARM.Build.0 = Release|ARM
		{47C0F097-062D-499E-880F-968BFF41E5AE}.Release|x64.ActiveCfg = Release|x64
		{47C0F097-062D-499E-880F-968BFF41E5AE}.Release|x64.Build.0 = Release|x64
		{47C0F097-062D-499E-880F-968BFF41E5AE}.Release|x86.ActiveCfg = Release|Win32
		{47C0F097-062D-499E-880F-968BFF41E5AE}.Release|x86.Build.0 = Release|Win32
		{D8A9872F-32D5-4B89-BCA0-F99B9ECD9907}.Debug|ARM.ActiveCfg = Debug|ARM
		{D8A9872F-32D5-4B89-BCA0-F99B9ECD9907}.Debug|ARM.Build.0 = Debug|ARM
		{D8A9872F-32D5-4B89-BCA0-F99B9ECD9907}.Debug|ARM.Deploy.0 = Debug|ARM
		{D8A9872F-32D5-4B89-BCA0-F99B9ECD9907}.Debug|x64.ActiveCfg = Debug|x64
		{D8A9872F-32D5-4B89-BCA0-F99B9ECD9907}.Debug|x64.Build.0 = Debug|x64
		{D8A9872F-32D5-4B89-BCA0-F99B9ECD9907}.Debug|x64.Deploy.0 = Debug|x64
		{D8A9872F-32D5-4B89-BCA0-F99B9ECD9907}.Debug|x86.ActiveCfg = Debug|x86
		{D8A9872F-32D5-4B89-BCA0-F99B9ECD9907}.Debug|x86.Build.0 = Debug|x86
		{D8A9872F-32D5-4B89-BCA0-F99B9ECD9907}.Debug|x86.Deploy.0 = Debug|x86
		{D8A9872F-32D5-4B89-BCA0-F99B9ECD9907}.Release|ARM.ActiveCfg = Release|ARM
		{D8A9872F-32D5-4B89-BCA0-F99B9ECD9907}.Release|ARM.Build.0 = Release|ARM
		{D8A9872F-32D5-4B89-BCA0-F99B9ECD9907}.Release|ARM.Deploy.0 = Release|ARM
		{D8A9872F-32D5-4B89-BCA0-F99B9ECD9907}.Release|x64.ActiveCfg = Release|x64
		{D8A9872F-32D5-4B89-BCA0-F99B9ECD9907}.Release|x64.Build.0 = Release|x64
		{D8A9872F-32D5-4B89-BCA0-F99B9ECD9907}.Release|x64.Deploy.0 = Release|x64
		{D8A9872F-32D5-4B89-BCA0-F99B9ECD9907}.Release|x86.ActiveCfg = Release|x86
		{D8A9872F-32D5-4B89-BCA0-F99B9ECD9907}.Release|x86.Build.0 = Release|x86
		{D8A9872F-32D5-4B89-BCA0-F99B9ECD9907}.Release|x86.Deploy.0 = Release|x86
	EndGlobalSection
	GlobalSection(SolutionProperties) = preSolution
		HideSolutionNode = FALSE
	EndGlobalSection
	GlobalSection(NestedProjects) = preSolution
		{8D539C08-EA54-475F-B691-7BD8B8B67956} = {DAAB26EE-4E76-4139-8F09-8B07B743C8CB}
		{FF83E5D3-4F9D-47ED-82B6-B1FD087CDBCA} = {DAAB26EE-4E76-4139-8F09-8B07B743C8CB}
		{2783A617-8E1D-40D1-9684-DFAEB8DD5406} = {E6843F94-7181-44E9-953D-DAE96255A7BC}
		{4D445253-3BBA-455D-B324-ECE00D4FE480} = {E6843F94-7181-44E9-953D-DAE96255A7BC}
		{BCB7C5B2-D2A5-4996-A540-DC3583C6581E} = {DDBA95A0-6162-4221-AC95-FEB5620D28A6}
		{8EB040CE-4CC9-4F7F-AB52-1AE010549FEF} = {DDBA95A0-6162-4221-AC95-FEB5620D28A6}
		{47C0F097-062D-499E-880F-968BFF41E5AE} = {DDBA95A0-6162-4221-AC95-FEB5620D28A6}
		{D8A9872F-32D5-4B89-BCA0-F99B9ECD9907} = {3079A8B5-EDDD-48A8-ACF7-1FF387B262C4}
	EndGlobalSection
EndGlobal
