<?xml version="1.0" encoding="utf-8"?>
<Project ToolsVersion="14.0" xmlns="http://schemas.microsoft.com/developer/msbuild/2003">
  <ItemGroup>
    <Filter Include="Resources">
      <UniqueIdentifier>39e4011b-7539-49f5-8eec-28e892b0c2e7</UniqueIdentifier>
      <Extensions>rc;ico;cur;bmp;dlg;rc2;rct;bin;rgs;gif;jpg;jpeg;jpe;resx;tga;tiff;tif;png;wav;mfcribbon-ms</Extensions>
    </Filter>
  </ItemGroup>
  <ItemGroup>
    <ClCompile Include="pch.cpp" />
    <ClCompile Include="AllJoynBusObjectManager.cpp" />
    <ClCompile Include="AllJoynHelpers.cpp" />
    <ClCompile Include="PressureConsumer.cpp" />
    <ClCompile Include="PressureProducer.cpp" />
    <ClCompile Include="PressureServiceEventAdapter.cpp" />
    <ClCompile Include="PressureServiceEventArgs.cpp" />
    <ClCompile Include="PressureSignals.cpp" />
    <ClCompile Include="PressureWatcher.cpp" />
    <ClCompile Include="TypeConversionHelpers.cpp" />
  </ItemGroup>
  <ItemGroup>
    <ClInclude Include="pch.h" />
    <ClInclude Include="AllJoynBusObjectManager.h" />
    <ClInclude Include="AllJoynHelpers.h" />
    <ClInclude Include="IPressureService.h" />
    <ClInclude Include="PressureConsumer.h" />
    <ClInclude Include="PressureEventArgs.h" />
    <ClInclude Include="PressureMethodResults.h" />
    <ClInclude Include="PressureProducer.h" />
    <ClInclude Include="PressureServiceEventAdapter.h" />
    <ClInclude Include="PressureServiceEventArgs.h" />
    <ClInclude Include="PressureSignals.h" />
    <ClInclude Include="PressureStructures.h" />
    <ClInclude Include="PressureWatcher.h" />
    <ClInclude Include="TypeConversionHelpers.h" />
  </ItemGroup>
</Project>